
Microsoft Visual Studio Solution File, Format Version 12.00
# Visual Studio Version 17
VisualStudioVersion = 17.0.31903.59
MinimumVisualStudioVersion = 10.0.40219.1
Project("{FAE04EC0-301F-11D3-BF4B-00C04F79EFBC}") = "Library.Domain", "Library.Domain\Library.Domain.csproj", "{0F7E300B-C8B6-4DDD-87F4-7751D89B604F}"
EndProject
Project("{FAE04EC0-301F-11D3-BF4B-00C04F79EFBC}") = "Library.Tests", "Library.Tests\Library.Tests.csproj", "{79389344-A4F3-461E-B305-278776266B90}"
EndProject
Global
	GlobalSection(SolutionConfigurationPlatforms) = preSolution
		Debug|Any CPU = Debug|Any CPU
		Release|Any CPU = Release|Any CPU
	EndGlobalSection
	GlobalSection(SolutionProperties) = preSolution
		HideSolutionNode = FALSE
	EndGlobalSection
	GlobalSection(ProjectConfigurationPlatforms) = postSolution
		{0F7E300B-C8B6-4DDD-87F4-7751D89B604F}.Debug|Any CPU.ActiveCfg = Debug|Any CPU
		{0F7E300B-C8B6-4DDD-87F4-7751D89B604F}.Debug|Any CPU.Build.0 = Debug|Any CPU
		{0F7E300B-C8B6-4DDD-87F4-7751D89B604F}.Release|Any CPU.ActiveCfg = Release|Any CPU
		{0F7E300B-C8B6-4DDD-87F4-7751D89B604F}.Release|Any CPU.Build.0 = Release|Any CPU
		{79389344-A4F3-461E-B305-278776266B90}.Debug|Any CPU.ActiveCfg = Debug|Any CPU
		{79389344-A4F3-461E-B305-278776266B90}.Debug|Any CPU.Build.0 = Debug|Any CPU
		{79389344-A4F3-461E-B305-278776266B90}.Release|Any CPU.ActiveCfg = Release|Any CPU
		{79389344-A4F3-461E-B305-278776266B90}.Release|Any CPU.Build.0 = Release|Any CPU
	EndGlobalSection
EndGlobal
